<?xml version="1.0" encoding="utf-8"?>
<Project ToolsVersion="4.0" xmlns="http://schemas.microsoft.com/developer/msbuild/2003">
  <ItemGroup>
    <Filter Include="リソース ファイル">
      <UniqueIdentifier>{67DA6AB6-F800-4c08-8B7A-83BB121AAD01}</UniqueIdentifier>
      <Extensions>rc;ico;cur;bmp;dlg;rc2;rct;bin;rgs;gif;jpg;jpeg;jpe;resx;tiff;tif;png;wav;mfcribbon-ms</Extensions>
    </Filter>
    <Filter Include="Title">
      <UniqueIdentifier>{b69e48da-7283-472e-996c-226e5ca9a7b0}</UniqueIdentifier>
    </Filter>
    <Filter Include="Game">
      <UniqueIdentifier>{13b6dfa6-e7bb-4630-bba4-1d94d392ccf1}</UniqueIdentifier>
    </Filter>
    <Filter Include="End">
      <UniqueIdentifier>{34a51166-d452-4416-8161-216e1c0befdf}</UniqueIdentifier>
    </Filter>
    <Filter Include="Manager">
      <UniqueIdentifier>{998e6dd4-095f-4415-80f4-a0d604ee3962}</UniqueIdentifier>
    </Filter>
    <Filter Include="Render">
      <UniqueIdentifier>{6aac1e55-86fc-45a7-bf65-7a07b4a8d91d}</UniqueIdentifier>
    </Filter>
    <Filter Include="main">
      <UniqueIdentifier>{d8655030-20c7-4a22-985e-1af511a5f773}</UniqueIdentifier>
    </Filter>
    <Filter Include="Camera">
      <UniqueIdentifier>{712347a6-a81a-4830-85eb-9a7bd09929ea}</UniqueIdentifier>
    </Filter>
    <Filter Include="Render\SkinMesh">
      <UniqueIdentifier>{8aaf8a96-a97c-468f-8a98-ed1276ed94d5}</UniqueIdentifier>
    </Filter>
    <Filter Include="Render\SkinMesh\MyHierarchy">
      <UniqueIdentifier>{def2a1df-2eee-483b-8144-82f41c85f3eb}</UniqueIdentifier>
    </Filter>
    <Filter Include="Player">
      <UniqueIdentifier>{2a1217ef-82c4-4091-98c8-ba337460ccdb}</UniqueIdentifier>
    </Filter>
    <Filter Include="Input">
      <UniqueIdentifier>{1c24379b-4d09-48ba-92ba-c8e163e45d5d}</UniqueIdentifier>
    </Filter>
    <Filter Include="Window">
      <UniqueIdentifier>{1ead0e17-3aa2-47df-bba6-804cab9fe1cf}</UniqueIdentifier>
    </Filter>
    <Filter Include="GameLoop">
      <UniqueIdentifier>{9c2fe38c-f33b-4d9a-9a21-ef388582f4a3}</UniqueIdentifier>
    </Filter>
    <Filter Include="Render\Sprite">
      <UniqueIdentifier>{ee0aa38b-2fc7-4dba-8f14-7f99f916a4c8}</UniqueIdentifier>
    </Filter>
    <Filter Include="FPS">
      <UniqueIdentifier>{32041513-6255-4c19-b73f-dcc9a424187f}</UniqueIdentifier>
    </Filter>
    <Filter Include="Field">
      <UniqueIdentifier>{d4bbd052-9a4f-4cdc-89a1-a357299793bf}</UniqueIdentifier>
    </Filter>
    <Filter Include="Render\Billbord">
      <UniqueIdentifier>{f5da2df3-ac04-4c7f-b97f-4312e9c06794}</UniqueIdentifier>
    </Filter>
    <Filter Include="Particle">
      <UniqueIdentifier>{b5448a53-e7ac-4ec4-8a88-0f93910e4f8d}</UniqueIdentifier>
    </Filter>
    <Filter Include="SkyDome">
      <UniqueIdentifier>{4d4b0078-0ac4-402c-95e2-d901279dbeab}</UniqueIdentifier>
    </Filter>
    <Filter Include="Enemy">
      <UniqueIdentifier>{c1ffcbac-9fcc-466e-a836-bcef2a41b350}</UniqueIdentifier>
    </Filter>
    <Filter Include="Enemy\TrainingBot">
      <UniqueIdentifier>{7e3a0149-9cfb-4966-b40b-7c1d7425df3b}</UniqueIdentifier>
    </Filter>
    <Filter Include="Render\Fade">
      <UniqueIdentifier>{7d70d6fc-ae95-496f-ac27-da6e7588793f}</UniqueIdentifier>
    </Filter>
    <Filter Include="Goal">
      <UniqueIdentifier>{90a0daa6-42a2-40ae-acdc-7d531d616880}</UniqueIdentifier>
    </Filter>
    <Filter Include="Render\Font">
      <UniqueIdentifier>{dd6e0944-5d59-4762-b681-beffeff24838}</UniqueIdentifier>
    </Filter>
    <Filter Include="Title\TitleUI">
      <UniqueIdentifier>{b376b584-bfa6-4e4f-ae5f-23e4ed6c9bf8}</UniqueIdentifier>
    </Filter>
    <Filter Include="FileStream">
      <UniqueIdentifier>{e23803aa-ea28-4856-acf4-5df51c241042}</UniqueIdentifier>
    </Filter>
    <Filter Include="Debug">
      <UniqueIdentifier>{55af9cec-99be-4a0b-aaab-d3cff08a5ff7}</UniqueIdentifier>
    </Filter>
    <Filter Include="Calculation">
      <UniqueIdentifier>{a2338d89-b885-4f69-8745-e0e4ccf7f18b}</UniqueIdentifier>
    </Filter>
    <Filter Include="Directx">
      <UniqueIdentifier>{ba08778d-09be-42cf-9553-9ffb210261a5}</UniqueIdentifier>
    </Filter>
    <Filter Include="Sound">
      <UniqueIdentifier>{cee67cee-1197-456b-b2ed-1443b0249117}</UniqueIdentifier>
    </Filter>
  </ItemGroup>
  <ItemGroup>
    <ClCompile Include="Title.cpp">
      <Filter>Title</Filter>
    </ClCompile>
    <ClCompile Include="GameMain.cpp">
      <Filter>Game</Filter>
    </ClCompile>
    <ClCompile Include="End.cpp">
      <Filter>End</Filter>
    </ClCompile>
    <ClCompile Include="ObjManager.cpp">
      <Filter>Manager</Filter>
    </ClCompile>
    <ClCompile Include="Main.cpp">
      <Filter>main</Filter>
    </ClCompile>
    <ClCompile Include="Camera.cpp">
      <Filter>Camera</Filter>
    </ClCompile>
    <ClCompile Include="MeshRender.cpp">
      <Filter>Render\SkinMesh</Filter>
    </ClCompile>
    <ClCompile Include="MyHierarchy.cpp">
      <Filter>Render\SkinMesh\MyHierarchy</Filter>
    </ClCompile>
    <ClCompile Include="Player.cpp">
      <Filter>Player</Filter>
    </ClCompile>
    <ClCompile Include="Input.cpp">
      <Filter>Input</Filter>
    </ClCompile>
    <ClCompile Include="Window.cpp">
      <Filter>Window</Filter>
    </ClCompile>
    <ClCompile Include="GameWnd.cpp">
      <Filter>GameLoop</Filter>
    </ClCompile>
    <ClCompile Include="Sprite.cpp">
      <Filter>Render\Sprite</Filter>
    </ClCompile>
    <ClCompile Include="FPS.cpp">
      <Filter>FPS</Filter>
    </ClCompile>
    <ClCompile Include="Field.cpp">
      <Filter>Field</Filter>
    </ClCompile>
    <ClCompile Include="Billbord.cpp">
      <Filter>Render\Billbord</Filter>
    </ClCompile>
    <ClCompile Include="Particle.cpp">
      <Filter>Particle</Filter>
    </ClCompile>
    <ClCompile Include="Sky.cpp">
      <Filter>SkyDome</Filter>
    </ClCompile>
    <ClCompile Include="EnemyMgr.cpp">
      <Filter>Enemy</Filter>
    </ClCompile>
    <ClCompile Include="TrainingBot.cpp">
      <Filter>Enemy\TrainingBot</Filter>
    </ClCompile>
    <ClCompile Include="Fade.cpp">
      <Filter>Render\Fade</Filter>
    </ClCompile>
    <ClCompile Include="Goal.cpp">
      <Filter>Goal</Filter>
    </ClCompile>
    <ClCompile Include="TitleUI.cpp">
      <Filter>Title\TitleUI</Filter>
    </ClCompile>
    <ClCompile Include="Debug.cpp">
      <Filter>Debug</Filter>
    </ClCompile>
    <ClCompile Include="Calculation.cpp">
      <Filter>Calculation</Filter>
    </ClCompile>
    <ClCompile Include="DxDevice.cpp">
      <Filter>Directx</Filter>
    </ClCompile>
    <ClCompile Include="RenderMgr.cpp">
      <Filter>Directx</Filter>
    </ClCompile>
    <ClCompile Include="Scene.cpp">
      <Filter>Manager</Filter>
    </ClCompile>
    <ClCompile Include="Collision.cpp">
      <Filter>Calculation</Filter>
    </ClCompile>
    <ClCompile Include="SoundMgr.cpp">
      <Filter>Sound</Filter>
    </ClCompile>
    <ClCompile Include="WaveDataOperater.cpp">
      <Filter>Sound</Filter>
    </ClCompile>
  </ItemGroup>
  <ItemGroup>
    <ClInclude Include="Title.h">
      <Filter>Title</Filter>
    </ClInclude>
    <ClInclude Include="GameMain.h">
      <Filter>Game</Filter>
    </ClInclude>
    <ClInclude Include="End.h">
      <Filter>End</Filter>
    </ClInclude>
    <ClInclude Include="ObjManager.h">
      <Filter>Manager</Filter>
    </ClInclude>
    <ClInclude Include="Camera.h">
      <Filter>Camera</Filter>
    </ClInclude>
    <ClInclude Include="MeshRender.h">
      <Filter>Render\SkinMesh</Filter>
    </ClInclude>
    <ClInclude Include="MyHierarchy.h">
      <Filter>Render\SkinMesh\MyHierarchy</Filter>
    </ClInclude>
    <ClInclude Include="Player.h">
      <Filter>Player</Filter>
    </ClInclude>
    <ClInclude Include="Input.h">
      <Filter>Input</Filter>
    </ClInclude>
    <ClInclude Include="Window.h">
      <Filter>Window</Filter>
    </ClInclude>
    <ClInclude Include="GameWnd.h">
      <Filter>GameLoop</Filter>
    </ClInclude>
    <ClInclude Include="Sprite.h">
      <Filter>Render\Sprite</Filter>
    </ClInclude>
    <ClInclude Include="FPS.h">
      <Filter>FPS</Filter>
    </ClInclude>
    <ClInclude Include="Scene.h">
      <Filter>Manager</Filter>
    </ClInclude>
    <ClInclude Include="Field.h">
      <Filter>Field</Filter>
    </ClInclude>
    <ClInclude Include="Billbord.h">
      <Filter>Render\Billbord</Filter>
    </ClInclude>
    <ClInclude Include="Particle.h">
      <Filter>Particle</Filter>
    </ClInclude>
    <ClInclude Include="Sky.h">
      <Filter>SkyDome</Filter>
    </ClInclude>
    <ClInclude Include="EnemyMgr.h">
      <Filter>Enemy</Filter>
    </ClInclude>
    <ClInclude Include="TrainingBot.h">
      <Filter>Enemy\TrainingBot</Filter>
    </ClInclude>
    <ClInclude Include="Fade.h">
      <Filter>Render\Fade</Filter>
    </ClInclude>
    <ClInclude Include="Goal.h">
      <Filter>Goal</Filter>
    </ClInclude>
    <ClInclude Include="TitleUI.h">
      <Filter>Title\TitleUI</Filter>
    </ClInclude>
    <ClInclude Include="Debug.h">
      <Filter>Debug</Filter>
    </ClInclude>
    <ClInclude Include="Calculation.h">
      <Filter>Calculation</Filter>
    </ClInclude>
    <ClInclude Include="DxDevice.h">
      <Filter>Directx</Filter>
    </ClInclude>
    <ClInclude Include="RenderMgr.h">
      <Filter>Directx</Filter>
    </ClInclude>
    <ClInclude Include="Collision.h">
      <Filter>Calculation</Filter>
    </ClInclude>
    <ClInclude Include="mleak.h">
      <Filter>Debug</Filter>
    </ClInclude>
    <ClInclude Include="SoundMgr.h">
      <Filter>Sound</Filter>
    </ClInclude>
    <ClInclude Include="WaveDataOperater.h">
      <Filter>Sound</Filter>
    </ClInclude>
  </ItemGroup>
</Project>